// !$*UTF8*$!
{
	archiveVersion = 1;
	classes = {
	};
	objectVersion = 50;
	objects = {

/* Begin PBXBuildFile section */
		CD5EAABF24927C5400B0002B /* AppDelegate.swift in Sources */ = {isa = PBXBuildFile; fileRef = CD5EAABE24927C5400B0002B /* AppDelegate.swift */; };
		CD5EAAC124927C5400B0002B /* SceneDelegate.swift in Sources */ = {isa = PBXBuildFile; fileRef = CD5EAAC024927C5400B0002B /* SceneDelegate.swift */; };
		CD5EAAC324927C5400B0002B /* ViewController.swift in Sources */ = {isa = PBXBuildFile; fileRef = CD5EAAC224927C5400B0002B /* ViewController.swift */; };
		CD5EAAC924927C5400B0002B /* VestiRSS.xcdatamodeld in Sources */ = {isa = PBXBuildFile; fileRef = CD5EAAC724927C5400B0002B /* VestiRSS.xcdatamodeld */; };
		CD5EAACB24927C5C00B0002B /* Assets.xcassets in Resources */ = {isa = PBXBuildFile; fileRef = CD5EAACA24927C5C00B0002B /* Assets.xcassets */; };
		CD5EAACE24927C5C00B0002B /* LaunchScreen.storyboard in Resources */ = {isa = PBXBuildFile; fileRef = CD5EAACC24927C5C00B0002B /* LaunchScreen.storyboard */; };
/* End PBXBuildFile section */

/* Begin PBXFileReference section */
		CD5EAABB24927C5400B0002B /* VestiRSS.app */ = {isa = PBXFileReference; explicitFileType = wrapper.application; includeInIndex = 0; path = VestiRSS.app; sourceTree = BUILT_PRODUCTS_DIR; };
		CD5EAABE24927C5400B0002B /* AppDelegate.swift */ = {isa = PBXFileReference; lastKnownFileType = sourcecode.swift; path = AppDelegate.swift; sourceTree = "<group>"; };
		CD5EAAC024927C5400B0002B /* SceneDelegate.swift */ = {isa = PBXFileReference; lastKnownFileType = sourcecode.swift; path = SceneDelegate.swift; sourceTree = "<group>"; };
		CD5EAAC224927C5400B0002B /* ViewController.swift */ = {isa = PBXFileReference; lastKnownFileType = sourcecode.swift; path = ViewController.swift; sourceTree = "<group>"; };
		CD5EAAC824927C5400B0002B /* VestiRSS.xcdatamodel */ = {isa = PBXFileReference; lastKnownFileType = wrapper.xcdatamodel; path = VestiRSS.xcdatamodel; sourceTree = "<group>"; };
		CD5EAACA24927C5C00B0002B /* Assets.xcassets */ = {isa = PBXFileReference; lastKnownFileType = folder.assetcatalog; path = Assets.xcassets; sourceTree = "<group>"; };
		CD5EAACD24927C5C00B0002B /* Base */ = {isa = PBXFileReference; lastKnownFileType = file.storyboard; name = Base; path = Base.lproj/LaunchScreen.storyboard; sourceTree = "<group>"; };
		CD5EAACF24927C5C00B0002B /* Info.plist */ = {isa = PBXFileReference; lastKnownFileType = text.plist.xml; path = Info.plist; sourceTree = "<group>"; };
/* End PBXFileReference section */

/* Begin PBXFrameworksBuildPhase section */
		CD5EAAB824927C5400B0002B /* Frameworks */ = {
			isa = PBXFrameworksBuildPhase;
			buildActionMask = 2147483647;
			files = (
			);
			runOnlyForDeploymentPostprocessing = 0;
		};
/* End PBXFrameworksBuildPhase section */

/* Begin PBXGroup section */
		CD5EAAB224927C5400B0002B = {
			isa = PBXGroup;
			children = (
				CD5EAABD24927C5400B0002B /* VestiRSS */,
				CD5EAABC24927C5400B0002B /* Products */,
			);
			sourceTree = "<group>";
		};
		CD5EAABC24927C5400B0002B /* Products */ = {
			isa = PBXGroup;
			children = (
				CD5EAABB24927C5400B0002B /* VestiRSS.app */,
			);
			name = Products;
			sourceTree = "<group>";
		};
		CD5EAABD24927C5400B0002B /* VestiRSS */ = {
			isa = PBXGroup;
			children = (
				CD5EAABE24927C5400B0002B /* AppDelegate.swift */,
				CD5EAAC024927C5400B0002B /* SceneDelegate.swift */,
				CD5EAAC224927C5400B0002B /* ViewController.swift */,
				CD5EAACA24927C5C00B0002B /* Assets.xcassets */,
				CD5EAACC24927C5C00B0002B /* LaunchScreen.storyboard */,
				CD5EAACF24927C5C00B0002B /* Info.plist */,
				CD5EAAC724927C5400B0002B /* VestiRSS.xcdatamodeld */,
			);
			path = VestiRSS;
			sourceTree = "<group>";
		};
/* End PBXGroup section */

/* Begin PBXNativeTarget section */
		CD5EAABA24927C5400B0002B /* VestiRSS */ = {
			isa = PBXNativeTarget;
			buildConfigurationList = CD5EAAD224927C5C00B0002B /* Build configuration list for PBXNativeTarget "VestiRSS" */;
			buildPhases = (
				CD5EAAB724927C5400B0002B /* Sources */,
				CD5EAAB824927C5400B0002B /* Frameworks */,
				CD5EAAB924927C5400B0002B /* Resources */,
			);
			buildRules = (
			);
			dependencies = (
			);
			name = VestiRSS;
			productName = VestiRSS;
			productReference = CD5EAABB24927C5400B0002B /* VestiRSS.app */;
			productType = "com.apple.product-type.application";
		};
/* End PBXNativeTarget section */

/* Begin PBXProject section */
		CD5EAAB324927C5400B0002B /* Project object */ = {
			isa = PBXProject;
			attributes = {
				LastSwiftUpdateCheck = 1140;
				LastUpgradeCheck = 1140;
				ORGANIZATIONNAME = "Элла Чурсина";
				TargetAttributes = {
					CD5EAABA24927C5400B0002B = {
						CreatedOnToolsVersion = 11.4.1;
					};
				};
			};
			buildConfigurationList = CD5EAAB624927C5400B0002B /* Build configuration list for PBXProject "VestiRSS" */;
			compatibilityVersion = "Xcode 9.3";
			developmentRegion = en;
			hasScannedForEncodings = 0;
			knownRegions = (
				en,
				Base,
			);
			mainGroup = CD5EAAB224927C5400B0002B;
			productRefGroup = CD5EAABC24927C5400B0002B /* Products */;
			projectDirPath = "";
			projectRoot = "";
			targets = (
				CD5EAABA24927C5400B0002B /* VestiRSS */,
			);
		};
/* End PBXProject section */

/* Begin PBXResourcesBuildPhase section */
		CD5EAAB924927C5400B0002B /* Resources */ = {
			isa = PBXResourcesBuildPhase;
			buildActionMask = 2147483647;
			files = (
				CD5EAACE24927C5C00B0002B /* LaunchScreen.storyboard in Resources */,
				CD5EAACB24927C5C00B0002B /* Assets.xcassets in Resources */,
			);
			runOnlyForDeploymentPostprocessing = 0;
		};
/* End PBXResourcesBuildPhase section */

/* Begin PBXSourcesBuildPhase section */
		CD5EAAB724927C5400B0002B /* Sources */ = {
			isa = PBXSourcesBuildPhase;
			buildActionMask = 2147483647;
			files = (
				CD5EAAC924927C5400B0002B /* VestiRSS.xcdatamodeld in Sources */,
				CD5EAAC324927C5400B0002B /* ViewController.swift in Sources */,
				CD5EAABF24927C5400B0002B /* AppDelegate.swift in Sources */,
				CD5EAAC124927C5400B0002B /* SceneDelegate.swift in Sources */,
			);
			runOnlyForDeploymentPostprocessing = 0;
		};
/* End PBXSourcesBuildPhase section */

/* Begin PBXVariantGroup section */
		CD5EAACC24927C5C00B0002B /* LaunchScreen.storyboard */ = {
			isa = PBXVariantGroup;
			children = (
				CD5EAACD24927C5C00B0002B /* Base */,
			);
			name = LaunchScreen.storyboard;
			sourceTree = "<group>";
		};
/* End PBXVariantGroup section */

/* Begin XCBuildConfiguration section */
		CD5EAAD024927C5C00B0002B /* Debug */ = {
			isa = XCBuildConfiguration;
			buildSettings = {
				ALWAYS_SEARCH_USER_PATHS = NO;
				CLANG_ANALYZER_NONNULL = YES;
				CLANG_ANALYZER_NUMBER_OBJECT_CONVERSION = YES_AGGRESSIVE;
				CLANG_CXX_LANGUAGE_STANDARD = "gnu++14";
				CLANG_CXX_LIBRARY = "libc++";
				CLANG_ENABLE_MODULES = YES;
				CLANG_ENABLE_OBJC_ARC = YES;
				CLANG_ENABLE_OBJC_WEAK = YES;
				CLANG_WARN_BLOCK_CAPTURE_AUTORELEASING = YES;
				CLANG_WARN_BOOL_CONVERSION = YES;
				CLANG_WARN_COMMA = YES;
				CLANG_WARN_CONSTANT_CONVERSION = YES;
				CLANG_WARN_DEPRECATED_OBJC_IMPLEMENTATIONS = YES;
				CLANG_WARN_DIRECT_OBJC_ISA_USAGE = YES_ERROR;
				CLANG_WARN_DOCUMENTATION_COMMENTS = YES;
				CLANG_WARN_EMPTY_BODY = YES;
				CLANG_WARN_ENUM_CONVERSION = YES;
				CLANG_WARN_INFINITE_RECURSION = YES;
				CLANG_WARN_INT_CONVERSION = YES;
				CLANG_WARN_NON_LITERAL_NULL_CONVERSION = YES;
				CLANG_WARN_OBJC_IMPLICIT_RETAIN_SELF = YES;
				CLANG_WARN_OBJC_LITERAL_CONVERSION = YES;
				CLANG_WARN_OBJC_ROOT_CLASS = YES_ERROR;
				CLANG_WARN_RANGE_LOOP_ANALYSIS = YES;
				CLANG_WARN_STRICT_PROTOTYPES = YES;
				CLANG_WARN_SUSPICIOUS_MOVE = YES;
				CLANG_WARN_UNGUARDED_AVAILABILITY = YES_AGGRESSIVE;
				CLANG_WARN_UNREACHABLE_CODE = YES;
				CLANG_WARN__DUPLICATE_METHOD_MATCH = YES;
				COPY_PHASE_STRIP = NO;
				DEBUG_INFORMATION_FORMAT = dwarf;
				ENABLE_STRICT_OBJC_MSGSEND = YES;
				ENABLE_TESTABILITY = YES;
				GCC_C_LANGUAGE_STANDARD = gnu11;
				GCC_DYNAMIC_NO_PIC = NO;
				GCC_NO_COMMON_BLOCKS = YES;
				GCC_OPTIMIZATION_LEVEL = 0;
				GCC_PREPROCESSOR_DEFINITIONS = (
					"DEBUG=1",
					"$(inherited)",
				);
				GCC_WARN_64_TO_32_BIT_CONVERSION = YES;
				GCC_WARN_ABOUT_RETURN_TYPE = YES_ERROR;
				GCC_WARN_UNDECLARED_SELECTOR = YES;
				GCC_WARN_UNINITIALIZED_AUTOS = YES_AGGRESSIVE;
				GCC_WARN_UNUSED_FUNCTION = YES;
				GCC_WARN_UNUSED_VARIABLE = YES;
				IPHONEOS_DEPLOYMENT_TARGET = 13.4;
				MTL_ENABLE_DEBUG_INFO = INCLUDE_SOURCE;
				MTL_FAST_MATH = YES;
				ONLY_ACTIVE_ARCH = YES;
				SDKROOT = iphoneos;
				SWIFT_ACTIVE_COMPILATION_CONDITIONS = DEBUG;
				SWIFT_OPTIMIZATION_LEVEL = "-Onone";
			};
			name = Debug;
		};
		CD5EAAD124927C5C00B0002B /* Release */ = {
			isa = XCBuildConfiguration;
			buildSettings = {
				ALWAYS_SEARCH_USER_PATHS = NO;
				CLANG_ANALYZER_NONNULL = YES;
				CLANG_ANALYZER_NUMBER_OBJECT_CONVERSION = YES_AGGRESSIVE;
				CLANG_CXX_LANGUAGE_STANDARD = "gnu++14";
				CLANG_CXX_LIBRARY = "libc++";
				CLANG_ENABLE_MODULES = YES;
				CLANG_ENABLE_OBJC_ARC = YES;
				CLANG_ENABLE_OBJC_WEAK = YES;
				CLANG_WARN_BLOCK_CAPTURE_AUTORELEASING = YES;
				CLANG_WARN_BOOL_CONVERSION = YES;
				CLANG_WARN_COMMA = YES;
				CLANG_WARN_CONSTANT_CONVERSION = YES;
				CLANG_WARN_DEPRECATED_OBJC_IMPLEMENTATIONS = YES;
				CLANG_WARN_DIRECT_OBJC_ISA_USAGE = YES_ERROR;
				CLANG_WARN_DOCUMENTATION_COMMENTS = YES;
				CLANG_WARN_EMPTY_BODY = YES;
				CLANG_WARN_ENUM_CONVERSION = YES;
				CLANG_WARN_INFINITE_RECURSION = YES;
				CLANG_WARN_INT_CONVERSION = YES;
				CLANG_WARN_NON_LITERAL_NULL_CONVERSION = YES;
				CLANG_WARN_OBJC_IMPLICIT_RETAIN_SELF = YES;
				CLANG_WARN_OBJC_LITERAL_CONVERSION = YES;
				CLANG_WARN_OBJC_ROOT_CLASS = YES_ERROR;
				CLANG_WARN_RANGE_LOOP_ANALYSIS = YES;
				CLANG_WARN_STRICT_PROTOTYPES = YES;
				CLANG_WARN_SUSPICIOUS_MOVE = YES;
				CLANG_WARN_UNGUARDED_AVAILABILITY = YES_AGGRESSIVE;
				CLANG_WARN_UNREACHABLE_CODE = YES;
				CLANG_WARN__DUPLICATE_METHOD_MATCH = YES;
				COPY_PHASE_STRIP = NO;
				DEBUG_INFORMATION_FORMAT = "dwarf-with-dsym";
				ENABLE_NS_ASSERTIONS = NO;
				ENABLE_STRICT_OBJC_MSGSEND = YES;
				GCC_C_LANGUAGE_STANDARD = gnu11;
				GCC_NO_COMMON_BLOCKS = YES;
				GCC_WARN_64_TO_32_BIT_CONVERSION = YES;
				GCC_WARN_ABOUT_RETURN_TYPE = YES_ERROR;
				GCC_WARN_UNDECLARED_SELECTOR = YES;
				GCC_WARN_UNINITIALIZED_AUTOS = YES_AGGRESSIVE;
				GCC_WARN_UNUSED_FUNCTION = YES;
				GCC_WARN_UNUSED_VARIABLE = YES;
				IPHONEOS_DEPLOYMENT_TARGET = 13.4;
				MTL_ENABLE_DEBUG_INFO = NO;
				MTL_FAST_MATH = YES;
				SDKROOT = iphoneos;
				SWIFT_COMPILATION_MODE = wholemodule;
				SWIFT_OPTIMIZATION_LEVEL = "-O";
				VALIDATE_PRODUCT = YES;
			};
			name = Release;
		};
		CD5EAAD324927C5C00B0002B /* Debug */ = {
			isa = XCBuildConfiguration;
			buildSettings = {
				ASSETCATALOG_COMPILER_APPICON_NAME = AppIcon;
				CODE_SIGN_STYLE = Automatic;
				DEVELOPMENT_TEAM = 78K2W946R3;
				INFOPLIST_FILE = VestiRSS/Info.plist;
				LD_RUNPATH_SEARCH_PATHS = (
					"$(inherited)",
					"@executable_path/Frameworks",
				);
				PRODUCT_BUNDLE_IDENTIFIER = ellachursina.VestiRSS;
				PRODUCT_NAME = "$(TARGET_NAME)";
				SWIFT_VERSION = 5.0;
				TARGETED_DEVICE_FAMILY = 1;
			};
			name = Debug;
		};
		CD5EAAD424927C5C00B0002B /* Release */ = {
			isa = XCBuildConfiguration;
			buildSettings = {
				ASSETCATALOG_COMPILER_APPICON_NAME = AppIcon;
				CODE_SIGN_STYLE = Automatic;
				DEVELOPMENT_TEAM = 78K2W946R3;
				INFOPLIST_FILE = VestiRSS/Info.plist;
				LD_RUNPATH_SEARCH_PATHS = (
					"$(inherited)",
					"@executable_path/Frameworks",
				);
				PRODUCT_BUNDLE_IDENTIFIER = ellachursina.VestiRSS;
				PRODUCT_NAME = "$(TARGET_NAME)";
				SWIFT_VERSION = 5.0;
				TARGETED_DEVICE_FAMILY = 1;
			};
			name = Release;
		};
/* End XCBuildConfiguration section */

/* Begin XCConfigurationList section */
		CD5EAAB624927C5400B0002B /* Build configuration list for PBXProject "VestiRSS" */ = {
			isa = XCConfigurationList;
			buildConfigurations = (
				CD5EAAD024927C5C00B0002B /* Debug */,
				CD5EAAD124927C5C00B0002B /* Release */,
			);
			defaultConfigurationIsVisible = 0;
			defaultConfigurationName = Release;
		};
		CD5EAAD224927C5C00B0002B /* Build configuration list for PBXNativeTarget "VestiRSS" */ = {
			isa = XCConfigurationList;
			buildConfigurations = (
				CD5EAAD324927C5C00B0002B /* Debug */,
				CD5EAAD424927C5C00B0002B /* Release */,
			);
			defaultConfigurationIsVisible = 0;
			defaultConfigurationName = Release;
		};
/* End XCConfigurationList section */

/* Begin XCVersionGroup section */
		CD5EAAC724927C5400B0002B /* VestiRSS.xcdatamodeld */ = {
			isa = XCVersionGroup;
			children = (
				CD5EAAC824927C5400B0002B /* VestiRSS.xcdatamodel */,
			);
			currentVersion = CD5EAAC824927C5400B0002B /* VestiRSS.xcdatamodel */;
			path = VestiRSS.xcdatamodeld;
			sourceTree = "<group>";
			versionGroupType = wrapper.xcdatamodel;
		};
/* End XCVersionGroup section */
	};
	rootObject = CD5EAAB324927C5400B0002B /* Project object */;
}
