// !$*UTF8*$!
{
	archiveVersion = 1;
	classes = {
	};
	objectVersion = 50;
	objects = {

/* Begin PBXBuildFile section */
		CD1741B0249500310077EB58 /* NewsCell.swift in Sources */ = {isa = PBXBuildFile; fileRef = CD1741AF249500310077EB58 /* NewsCell.swift */; };
		CD1741B2249502B40077EB58 /* NewsView.swift in Sources */ = {isa = PBXBuildFile; fileRef = CD1741B1249502B40077EB58 /* NewsView.swift */; };
		CD1741B42495093B0077EB58 /* NewsViewModel.swift in Sources */ = {isa = PBXBuildFile; fileRef = CD1741B32495093B0077EB58 /* NewsViewModel.swift */; };
		CD1741B724951D5F0077EB58 /* RSSNewsItem.swift in Sources */ = {isa = PBXBuildFile; fileRef = CD1741B624951D5F0077EB58 /* RSSNewsItem.swift */; };
		CD1741B9249530520077EB58 /* CoreAssembly.swift in Sources */ = {isa = PBXBuildFile; fileRef = CD1741B8249530520077EB58 /* CoreAssembly.swift */; };
		CD1741BB249530900077EB58 /* RootAssembly.swift in Sources */ = {isa = PBXBuildFile; fileRef = CD1741BA249530900077EB58 /* RootAssembly.swift */; };
		CD1741BD24953D920077EB58 /* NewsListParser.swift in Sources */ = {isa = PBXBuildFile; fileRef = CD1741BC24953D920077EB58 /* NewsListParser.swift */; };
		CD5EAABF24927C5400B0002B /* AppDelegate.swift in Sources */ = {isa = PBXBuildFile; fileRef = CD5EAABE24927C5400B0002B /* AppDelegate.swift */; };
		CD5EAAC124927C5400B0002B /* SceneDelegate.swift in Sources */ = {isa = PBXBuildFile; fileRef = CD5EAAC024927C5400B0002B /* SceneDelegate.swift */; };
		CD5EAAC924927C5400B0002B /* VestiRSS.xcdatamodeld in Sources */ = {isa = PBXBuildFile; fileRef = CD5EAAC724927C5400B0002B /* VestiRSS.xcdatamodeld */; };
		CD5EAACB24927C5C00B0002B /* Assets.xcassets in Resources */ = {isa = PBXBuildFile; fileRef = CD5EAACA24927C5C00B0002B /* Assets.xcassets */; };
		CD5EAACE24927C5C00B0002B /* LaunchScreen.storyboard in Resources */ = {isa = PBXBuildFile; fileRef = CD5EAACC24927C5C00B0002B /* LaunchScreen.storyboard */; };
		CD5EAAD924927F0C00B0002B /* PresentationAssembly.swift in Sources */ = {isa = PBXBuildFile; fileRef = CD5EAAD824927F0C00B0002B /* PresentationAssembly.swift */; };
		CD5EAADF2492806300B0002B /* NewsListViewController.swift in Sources */ = {isa = PBXBuildFile; fileRef = CD5EAADE2492806300B0002B /* NewsListViewController.swift */; };
		CD5EAAE12492807300B0002B /* NewsViewController.swift in Sources */ = {isa = PBXBuildFile; fileRef = CD5EAAE02492807300B0002B /* NewsViewController.swift */; };
		CD5EAAE5249284F700B0002B /* UITableViewCell+identifiable.swift in Sources */ = {isa = PBXBuildFile; fileRef = CD5EAAE4249284F700B0002B /* UITableViewCell+identifiable.swift */; };
		CD5EAAE72492855100B0002B /* UITableView+dequeue.swift in Sources */ = {isa = PBXBuildFile; fileRef = CD5EAAE62492855100B0002B /* UITableView+dequeue.swift */; };
		CD5EAAEA2492868700B0002B /* ConfigurableView.swift in Sources */ = {isa = PBXBuildFile; fileRef = CD5EAAE92492868700B0002B /* ConfigurableView.swift */; };
		CD5EAAED2492874E00B0002B /* NewsListCell.swift in Sources */ = {isa = PBXBuildFile; fileRef = CD5EAAEC2492874E00B0002B /* NewsListCell.swift */; };
/* End PBXBuildFile section */

/* Begin PBXFileReference section */
		CD1741AF249500310077EB58 /* NewsCell.swift */ = {isa = PBXFileReference; lastKnownFileType = sourcecode.swift; path = NewsCell.swift; sourceTree = "<group>"; };
		CD1741B1249502B40077EB58 /* NewsView.swift */ = {isa = PBXFileReference; lastKnownFileType = sourcecode.swift; path = NewsView.swift; sourceTree = "<group>"; };
		CD1741B32495093B0077EB58 /* NewsViewModel.swift */ = {isa = PBXFileReference; lastKnownFileType = sourcecode.swift; path = NewsViewModel.swift; sourceTree = "<group>"; };
		CD1741B624951D5F0077EB58 /* RSSNewsItem.swift */ = {isa = PBXFileReference; lastKnownFileType = sourcecode.swift; path = RSSNewsItem.swift; sourceTree = "<group>"; };
		CD1741B8249530520077EB58 /* CoreAssembly.swift */ = {isa = PBXFileReference; lastKnownFileType = sourcecode.swift; path = CoreAssembly.swift; sourceTree = "<group>"; };
		CD1741BA249530900077EB58 /* RootAssembly.swift */ = {isa = PBXFileReference; lastKnownFileType = sourcecode.swift; path = RootAssembly.swift; sourceTree = "<group>"; };
		CD1741BC24953D920077EB58 /* NewsListParser.swift */ = {isa = PBXFileReference; lastKnownFileType = sourcecode.swift; path = NewsListParser.swift; sourceTree = "<group>"; };
		CD5EAABB24927C5400B0002B /* VestiRSS.app */ = {isa = PBXFileReference; explicitFileType = wrapper.application; includeInIndex = 0; path = VestiRSS.app; sourceTree = BUILT_PRODUCTS_DIR; };
		CD5EAABE24927C5400B0002B /* AppDelegate.swift */ = {isa = PBXFileReference; lastKnownFileType = sourcecode.swift; path = AppDelegate.swift; sourceTree = "<group>"; };
		CD5EAAC024927C5400B0002B /* SceneDelegate.swift */ = {isa = PBXFileReference; lastKnownFileType = sourcecode.swift; path = SceneDelegate.swift; sourceTree = "<group>"; };
		CD5EAAC824927C5400B0002B /* VestiRSS.xcdatamodel */ = {isa = PBXFileReference; lastKnownFileType = wrapper.xcdatamodel; path = VestiRSS.xcdatamodel; sourceTree = "<group>"; };
		CD5EAACA24927C5C00B0002B /* Assets.xcassets */ = {isa = PBXFileReference; lastKnownFileType = folder.assetcatalog; path = Assets.xcassets; sourceTree = "<group>"; };
		CD5EAACD24927C5C00B0002B /* Base */ = {isa = PBXFileReference; lastKnownFileType = file.storyboard; name = Base; path = Base.lproj/LaunchScreen.storyboard; sourceTree = "<group>"; };
		CD5EAACF24927C5C00B0002B /* Info.plist */ = {isa = PBXFileReference; lastKnownFileType = text.plist.xml; path = Info.plist; sourceTree = "<group>"; };
		CD5EAAD824927F0C00B0002B /* PresentationAssembly.swift */ = {isa = PBXFileReference; lastKnownFileType = sourcecode.swift; path = PresentationAssembly.swift; sourceTree = "<group>"; };
		CD5EAADE2492806300B0002B /* NewsListViewController.swift */ = {isa = PBXFileReference; lastKnownFileType = sourcecode.swift; path = NewsListViewController.swift; sourceTree = "<group>"; };
		CD5EAAE02492807300B0002B /* NewsViewController.swift */ = {isa = PBXFileReference; lastKnownFileType = sourcecode.swift; path = NewsViewController.swift; sourceTree = "<group>"; };
		CD5EAAE4249284F700B0002B /* UITableViewCell+identifiable.swift */ = {isa = PBXFileReference; lastKnownFileType = sourcecode.swift; path = "UITableViewCell+identifiable.swift"; sourceTree = "<group>"; };
		CD5EAAE62492855100B0002B /* UITableView+dequeue.swift */ = {isa = PBXFileReference; lastKnownFileType = sourcecode.swift; path = "UITableView+dequeue.swift"; sourceTree = "<group>"; };
		CD5EAAE92492868700B0002B /* ConfigurableView.swift */ = {isa = PBXFileReference; lastKnownFileType = sourcecode.swift; path = ConfigurableView.swift; sourceTree = "<group>"; };
		CD5EAAEC2492874E00B0002B /* NewsListCell.swift */ = {isa = PBXFileReference; lastKnownFileType = sourcecode.swift; path = NewsListCell.swift; sourceTree = "<group>"; };
/* End PBXFileReference section */

/* Begin PBXFrameworksBuildPhase section */
		CD5EAAB824927C5400B0002B /* Frameworks */ = {
			isa = PBXFrameworksBuildPhase;
			buildActionMask = 2147483647;
			files = (
			);
			runOnlyForDeploymentPostprocessing = 0;
		};
/* End PBXFrameworksBuildPhase section */

/* Begin PBXGroup section */
		CD1741B524951D100077EB58 /* networking */ = {
			isa = PBXGroup;
			children = (
				CD1741B624951D5F0077EB58 /* RSSNewsItem.swift */,
				CD1741BC24953D920077EB58 /* NewsListParser.swift */,
			);
			path = networking;
			sourceTree = "<group>";
		};
		CD5EAAB224927C5400B0002B = {
			isa = PBXGroup;
			children = (
				CD5EAABD24927C5400B0002B /* VestiRSS */,
				CD5EAABC24927C5400B0002B /* Products */,
			);
			sourceTree = "<group>";
		};
		CD5EAABC24927C5400B0002B /* Products */ = {
			isa = PBXGroup;
			children = (
				CD5EAABB24927C5400B0002B /* VestiRSS.app */,
			);
			name = Products;
			sourceTree = "<group>";
		};
		CD5EAABD24927C5400B0002B /* VestiRSS */ = {
			isa = PBXGroup;
			children = (
				CD5EAAD524927E9C00B0002B /* 1. presentationLayer */,
				CD5EAAD624927EB200B0002B /* 2. serviceLayer */,
				CD5EAACF24927C5C00B0002B /* Info.plist */,
				CD5EAAD724927ECD00B0002B /* 3. coreLayer */,
				CD5EAAE22492846C00B0002B /* Supporting Files */,
			);
			path = VestiRSS;
			sourceTree = "<group>";
		};
		CD5EAAD524927E9C00B0002B /* 1. presentationLayer */ = {
			isa = PBXGroup;
			children = (
				CD5EAAD824927F0C00B0002B /* PresentationAssembly.swift */,
				CD5EAADA24927FDD00B0002B /* modules */,
			);
			path = "1. presentationLayer";
			sourceTree = "<group>";
		};
		CD5EAAD624927EB200B0002B /* 2. serviceLayer */ = {
			isa = PBXGroup;
			children = (
			);
			path = "2. serviceLayer";
			sourceTree = "<group>";
		};
		CD5EAAD724927ECD00B0002B /* 3. coreLayer */ = {
			isa = PBXGroup;
			children = (
				CD1741B524951D100077EB58 /* networking */,
				CD1741B8249530520077EB58 /* CoreAssembly.swift */,
				CD1741BA249530900077EB58 /* RootAssembly.swift */,
			);
			path = "3. coreLayer";
			sourceTree = "<group>";
		};
		CD5EAADA24927FDD00B0002B /* modules */ = {
			isa = PBXGroup;
			children = (
				CD5EAADC2492800000B0002B /* newsList */,
				CD5EAADD2492801600B0002B /* news */,
				CD5EAAE82492863400B0002B /* presentationProtocols */,
			);
			path = modules;
			sourceTree = "<group>";
		};
		CD5EAADC2492800000B0002B /* newsList */ = {
			isa = PBXGroup;
			children = (
				CD5EAAEB249286F400B0002B /* newsListCell */,
				CD5EAADE2492806300B0002B /* NewsListViewController.swift */,
			);
			path = newsList;
			sourceTree = "<group>";
		};
		CD5EAADD2492801600B0002B /* news */ = {
			isa = PBXGroup;
			children = (
				CD5EAAE02492807300B0002B /* NewsViewController.swift */,
				CD1741B1249502B40077EB58 /* NewsView.swift */,
				CD1741B32495093B0077EB58 /* NewsViewModel.swift */,
			);
			path = news;
			sourceTree = "<group>";
		};
		CD5EAAE22492846C00B0002B /* Supporting Files */ = {
			isa = PBXGroup;
			children = (
				CD5EAAE3249284C000B0002B /* extensions */,
				CD5EAAC724927C5400B0002B /* VestiRSS.xcdatamodeld */,
				CD5EAACC24927C5C00B0002B /* LaunchScreen.storyboard */,
				CD5EAACA24927C5C00B0002B /* Assets.xcassets */,
				CD5EAAC024927C5400B0002B /* SceneDelegate.swift */,
				CD5EAABE24927C5400B0002B /* AppDelegate.swift */,
			);
			path = "Supporting Files";
			sourceTree = "<group>";
		};
		CD5EAAE3249284C000B0002B /* extensions */ = {
			isa = PBXGroup;
			children = (
				CD5EAAE4249284F700B0002B /* UITableViewCell+identifiable.swift */,
				CD5EAAE62492855100B0002B /* UITableView+dequeue.swift */,
			);
			path = extensions;
			sourceTree = "<group>";
		};
		CD5EAAE82492863400B0002B /* presentationProtocols */ = {
			isa = PBXGroup;
			children = (
				CD5EAAE92492868700B0002B /* ConfigurableView.swift */,
			);
			path = presentationProtocols;
			sourceTree = "<group>";
		};
		CD5EAAEB249286F400B0002B /* newsListCell */ = {
			isa = PBXGroup;
			children = (
				CD5EAAEC2492874E00B0002B /* NewsListCell.swift */,
				CD1741AF249500310077EB58 /* NewsCell.swift */,
			);
			path = newsListCell;
			sourceTree = "<group>";
		};
/* End PBXGroup section */

/* Begin PBXNativeTarget section */
		CD5EAABA24927C5400B0002B /* VestiRSS */ = {
			isa = PBXNativeTarget;
			buildConfigurationList = CD5EAAD224927C5C00B0002B /* Build configuration list for PBXNativeTarget "VestiRSS" */;
			buildPhases = (
				CD5EAAB724927C5400B0002B /* Sources */,
				CD5EAAB824927C5400B0002B /* Frameworks */,
				CD5EAAB924927C5400B0002B /* Resources */,
			);
			buildRules = (
			);
			dependencies = (
			);
			name = VestiRSS;
			productName = VestiRSS;
			productReference = CD5EAABB24927C5400B0002B /* VestiRSS.app */;
			productType = "com.apple.product-type.application";
		};
/* End PBXNativeTarget section */

/* Begin PBXProject section */
		CD5EAAB324927C5400B0002B /* Project object */ = {
			isa = PBXProject;
			attributes = {
				LastSwiftUpdateCheck = 1140;
				LastUpgradeCheck = 1140;
				ORGANIZATIONNAME = "Элла Чурсина";
				TargetAttributes = {
					CD5EAABA24927C5400B0002B = {
						CreatedOnToolsVersion = 11.4.1;
					};
				};
			};
			buildConfigurationList = CD5EAAB624927C5400B0002B /* Build configuration list for PBXProject "VestiRSS" */;
			compatibilityVersion = "Xcode 9.3";
			developmentRegion = en;
			hasScannedForEncodings = 0;
			knownRegions = (
				en,
				Base,
			);
			mainGroup = CD5EAAB224927C5400B0002B;
			productRefGroup = CD5EAABC24927C5400B0002B /* Products */;
			projectDirPath = "";
			projectRoot = "";
			targets = (
				CD5EAABA24927C5400B0002B /* VestiRSS */,
			);
		};
/* End PBXProject section */

/* Begin PBXResourcesBuildPhase section */
		CD5EAAB924927C5400B0002B /* Resources */ = {
			isa = PBXResourcesBuildPhase;
			buildActionMask = 2147483647;
			files = (
				CD5EAACE24927C5C00B0002B /* LaunchScreen.storyboard in Resources */,
				CD5EAACB24927C5C00B0002B /* Assets.xcassets in Resources */,
			);
			runOnlyForDeploymentPostprocessing = 0;
		};
/* End PBXResourcesBuildPhase section */

/* Begin PBXSourcesBuildPhase section */
		CD5EAAB724927C5400B0002B /* Sources */ = {
			isa = PBXSourcesBuildPhase;
			buildActionMask = 2147483647;
			files = (
				CD5EAAE5249284F700B0002B /* UITableViewCell+identifiable.swift in Sources */,
				CD1741BB249530900077EB58 /* RootAssembly.swift in Sources */,
				CD5EAAC924927C5400B0002B /* VestiRSS.xcdatamodeld in Sources */,
				CD5EAABF24927C5400B0002B /* AppDelegate.swift in Sources */,
				CD1741B9249530520077EB58 /* CoreAssembly.swift in Sources */,
				CD5EAAEA2492868700B0002B /* ConfigurableView.swift in Sources */,
				CD5EAADF2492806300B0002B /* NewsListViewController.swift in Sources */,
				CD5EAAE12492807300B0002B /* NewsViewController.swift in Sources */,
				CD5EAAED2492874E00B0002B /* NewsListCell.swift in Sources */,
				CD5EAAD924927F0C00B0002B /* PresentationAssembly.swift in Sources */,
				CD1741B724951D5F0077EB58 /* RSSNewsItem.swift in Sources */,
				CD5EAAE72492855100B0002B /* UITableView+dequeue.swift in Sources */,
				CD1741BD24953D920077EB58 /* NewsListParser.swift in Sources */,
				CD1741B2249502B40077EB58 /* NewsView.swift in Sources */,
				CD1741B42495093B0077EB58 /* NewsViewModel.swift in Sources */,
				CD5EAAC124927C5400B0002B /* SceneDelegate.swift in Sources */,
				CD1741B0249500310077EB58 /* NewsCell.swift in Sources */,
			);
			runOnlyForDeploymentPostprocessing = 0;
		};
/* End PBXSourcesBuildPhase section */

/* Begin PBXVariantGroup section */
		CD5EAACC24927C5C00B0002B /* LaunchScreen.storyboard */ = {
			isa = PBXVariantGroup;
			children = (
				CD5EAACD24927C5C00B0002B /* Base */,
			);
			name = LaunchScreen.storyboard;
			sourceTree = "<group>";
		};
/* End PBXVariantGroup section */

/* Begin XCBuildConfiguration section */
		CD5EAAD024927C5C00B0002B /* Debug */ = {
			isa = XCBuildConfiguration;
			buildSettings = {
				ALWAYS_SEARCH_USER_PATHS = NO;
				CLANG_ANALYZER_NONNULL = YES;
				CLANG_ANALYZER_NUMBER_OBJECT_CONVERSION = YES_AGGRESSIVE;
				CLANG_CXX_LANGUAGE_STANDARD = "gnu++14";
				CLANG_CXX_LIBRARY = "libc++";
				CLANG_ENABLE_MODULES = YES;
				CLANG_ENABLE_OBJC_ARC = YES;
				CLANG_ENABLE_OBJC_WEAK = YES;
				CLANG_WARN_BLOCK_CAPTURE_AUTORELEASING = YES;
				CLANG_WARN_BOOL_CONVERSION = YES;
				CLANG_WARN_COMMA = YES;
				CLANG_WARN_CONSTANT_CONVERSION = YES;
				CLANG_WARN_DEPRECATED_OBJC_IMPLEMENTATIONS = YES;
				CLANG_WARN_DIRECT_OBJC_ISA_USAGE = YES_ERROR;
				CLANG_WARN_DOCUMENTATION_COMMENTS = YES;
				CLANG_WARN_EMPTY_BODY = YES;
				CLANG_WARN_ENUM_CONVERSION = YES;
				CLANG_WARN_INFINITE_RECURSION = YES;
				CLANG_WARN_INT_CONVERSION = YES;
				CLANG_WARN_NON_LITERAL_NULL_CONVERSION = YES;
				CLANG_WARN_OBJC_IMPLICIT_RETAIN_SELF = YES;
				CLANG_WARN_OBJC_LITERAL_CONVERSION = YES;
				CLANG_WARN_OBJC_ROOT_CLASS = YES_ERROR;
				CLANG_WARN_RANGE_LOOP_ANALYSIS = YES;
				CLANG_WARN_STRICT_PROTOTYPES = YES;
				CLANG_WARN_SUSPICIOUS_MOVE = YES;
				CLANG_WARN_UNGUARDED_AVAILABILITY = YES_AGGRESSIVE;
				CLANG_WARN_UNREACHABLE_CODE = YES;
				CLANG_WARN__DUPLICATE_METHOD_MATCH = YES;
				COPY_PHASE_STRIP = NO;
				DEBUG_INFORMATION_FORMAT = dwarf;
				ENABLE_STRICT_OBJC_MSGSEND = YES;
				ENABLE_TESTABILITY = YES;
				GCC_C_LANGUAGE_STANDARD = gnu11;
				GCC_DYNAMIC_NO_PIC = NO;
				GCC_NO_COMMON_BLOCKS = YES;
				GCC_OPTIMIZATION_LEVEL = 0;
				GCC_PREPROCESSOR_DEFINITIONS = (
					"DEBUG=1",
					"$(inherited)",
				);
				GCC_WARN_64_TO_32_BIT_CONVERSION = YES;
				GCC_WARN_ABOUT_RETURN_TYPE = YES_ERROR;
				GCC_WARN_UNDECLARED_SELECTOR = YES;
				GCC_WARN_UNINITIALIZED_AUTOS = YES_AGGRESSIVE;
				GCC_WARN_UNUSED_FUNCTION = YES;
				GCC_WARN_UNUSED_VARIABLE = YES;
				IPHONEOS_DEPLOYMENT_TARGET = 13.4;
				MTL_ENABLE_DEBUG_INFO = INCLUDE_SOURCE;
				MTL_FAST_MATH = YES;
				ONLY_ACTIVE_ARCH = YES;
				SDKROOT = iphoneos;
				SWIFT_ACTIVE_COMPILATION_CONDITIONS = DEBUG;
				SWIFT_OPTIMIZATION_LEVEL = "-Onone";
			};
			name = Debug;
		};
		CD5EAAD124927C5C00B0002B /* Release */ = {
			isa = XCBuildConfiguration;
			buildSettings = {
				ALWAYS_SEARCH_USER_PATHS = NO;
				CLANG_ANALYZER_NONNULL = YES;
				CLANG_ANALYZER_NUMBER_OBJECT_CONVERSION = YES_AGGRESSIVE;
				CLANG_CXX_LANGUAGE_STANDARD = "gnu++14";
				CLANG_CXX_LIBRARY = "libc++";
				CLANG_ENABLE_MODULES = YES;
				CLANG_ENABLE_OBJC_ARC = YES;
				CLANG_ENABLE_OBJC_WEAK = YES;
				CLANG_WARN_BLOCK_CAPTURE_AUTORELEASING = YES;
				CLANG_WARN_BOOL_CONVERSION = YES;
				CLANG_WARN_COMMA = YES;
				CLANG_WARN_CONSTANT_CONVERSION = YES;
				CLANG_WARN_DEPRECATED_OBJC_IMPLEMENTATIONS = YES;
				CLANG_WARN_DIRECT_OBJC_ISA_USAGE = YES_ERROR;
				CLANG_WARN_DOCUMENTATION_COMMENTS = YES;
				CLANG_WARN_EMPTY_BODY = YES;
				CLANG_WARN_ENUM_CONVERSION = YES;
				CLANG_WARN_INFINITE_RECURSION = YES;
				CLANG_WARN_INT_CONVERSION = YES;
				CLANG_WARN_NON_LITERAL_NULL_CONVERSION = YES;
				CLANG_WARN_OBJC_IMPLICIT_RETAIN_SELF = YES;
				CLANG_WARN_OBJC_LITERAL_CONVERSION = YES;
				CLANG_WARN_OBJC_ROOT_CLASS = YES_ERROR;
				CLANG_WARN_RANGE_LOOP_ANALYSIS = YES;
				CLANG_WARN_STRICT_PROTOTYPES = YES;
				CLANG_WARN_SUSPICIOUS_MOVE = YES;
				CLANG_WARN_UNGUARDED_AVAILABILITY = YES_AGGRESSIVE;
				CLANG_WARN_UNREACHABLE_CODE = YES;
				CLANG_WARN__DUPLICATE_METHOD_MATCH = YES;
				COPY_PHASE_STRIP = NO;
				DEBUG_INFORMATION_FORMAT = "dwarf-with-dsym";
				ENABLE_NS_ASSERTIONS = NO;
				ENABLE_STRICT_OBJC_MSGSEND = YES;
				GCC_C_LANGUAGE_STANDARD = gnu11;
				GCC_NO_COMMON_BLOCKS = YES;
				GCC_WARN_64_TO_32_BIT_CONVERSION = YES;
				GCC_WARN_ABOUT_RETURN_TYPE = YES_ERROR;
				GCC_WARN_UNDECLARED_SELECTOR = YES;
				GCC_WARN_UNINITIALIZED_AUTOS = YES_AGGRESSIVE;
				GCC_WARN_UNUSED_FUNCTION = YES;
				GCC_WARN_UNUSED_VARIABLE = YES;
				IPHONEOS_DEPLOYMENT_TARGET = 13.4;
				MTL_ENABLE_DEBUG_INFO = NO;
				MTL_FAST_MATH = YES;
				SDKROOT = iphoneos;
				SWIFT_COMPILATION_MODE = wholemodule;
				SWIFT_OPTIMIZATION_LEVEL = "-O";
				VALIDATE_PRODUCT = YES;
			};
			name = Release;
		};
		CD5EAAD324927C5C00B0002B /* Debug */ = {
			isa = XCBuildConfiguration;
			buildSettings = {
				ASSETCATALOG_COMPILER_APPICON_NAME = AppIcon;
				CODE_SIGN_STYLE = Automatic;
				DEVELOPMENT_TEAM = 78K2W946R3;
				INFOPLIST_FILE = VestiRSS/Info.plist;
				LD_RUNPATH_SEARCH_PATHS = (
					"$(inherited)",
					"@executable_path/Frameworks",
				);
				PRODUCT_BUNDLE_IDENTIFIER = ellachursina.VestiRSS;
				PRODUCT_NAME = "$(TARGET_NAME)";
				SWIFT_VERSION = 5.0;
				TARGETED_DEVICE_FAMILY = 1;
			};
			name = Debug;
		};
		CD5EAAD424927C5C00B0002B /* Release */ = {
			isa = XCBuildConfiguration;
			buildSettings = {
				ASSETCATALOG_COMPILER_APPICON_NAME = AppIcon;
				CODE_SIGN_STYLE = Automatic;
				DEVELOPMENT_TEAM = 78K2W946R3;
				INFOPLIST_FILE = VestiRSS/Info.plist;
				LD_RUNPATH_SEARCH_PATHS = (
					"$(inherited)",
					"@executable_path/Frameworks",
				);
				PRODUCT_BUNDLE_IDENTIFIER = ellachursina.VestiRSS;
				PRODUCT_NAME = "$(TARGET_NAME)";
				SWIFT_VERSION = 5.0;
				TARGETED_DEVICE_FAMILY = 1;
			};
			name = Release;
		};
/* End XCBuildConfiguration section */

/* Begin XCConfigurationList section */
		CD5EAAB624927C5400B0002B /* Build configuration list for PBXProject "VestiRSS" */ = {
			isa = XCConfigurationList;
			buildConfigurations = (
				CD5EAAD024927C5C00B0002B /* Debug */,
				CD5EAAD124927C5C00B0002B /* Release */,
			);
			defaultConfigurationIsVisible = 0;
			defaultConfigurationName = Release;
		};
		CD5EAAD224927C5C00B0002B /* Build configuration list for PBXNativeTarget "VestiRSS" */ = {
			isa = XCConfigurationList;
			buildConfigurations = (
				CD5EAAD324927C5C00B0002B /* Debug */,
				CD5EAAD424927C5C00B0002B /* Release */,
			);
			defaultConfigurationIsVisible = 0;
			defaultConfigurationName = Release;
		};
/* End XCConfigurationList section */

/* Begin XCVersionGroup section */
		CD5EAAC724927C5400B0002B /* VestiRSS.xcdatamodeld */ = {
			isa = XCVersionGroup;
			children = (
				CD5EAAC824927C5400B0002B /* VestiRSS.xcdatamodel */,
			);
			currentVersion = CD5EAAC824927C5400B0002B /* VestiRSS.xcdatamodel */;
			path = VestiRSS.xcdatamodeld;
			sourceTree = "<group>";
			versionGroupType = wrapper.xcdatamodel;
		};
/* End XCVersionGroup section */
	};
	rootObject = CD5EAAB324927C5400B0002B /* Project object */;
}
